{
  "originHash" : "ebb9dd33bb05670eb68f0d8a9e10d3a3204ccab550209d927761e6f0dbf618ea",
  "pins" : [
    {
      "identity" : "cryptoswift",
      "kind" : "remoteSourceControl",
      "location" : "https://github.com/krzyzanowskim/CryptoSwift.git",
      "state" : {
        "revision" : "e45a26384239e028ec87fbcc788f513b67e10d8f",
        "version" : "1.9.0"
      }
    },
    {
      "identity" : "runtime",
      "kind" : "remoteSourceControl",
      "location" : "https://github.com/urlaunched-com/Runtime",
      "state" : {
        "revision" : "ea112a73f7a8772a92b125ceeaaf61f1844466bd",
        "version" : "2.2.6"
      }
    },
    {
      "identity" : "swift-collections",
      "kind" : "remoteSourceControl",
      "location" : "https://github.com/apple/swift-collections",
      "state" : {
        "revision" : "6675bc0ff86e61436e615df6fc5174e043e57924",
        "version" : "1.4.1"
      }
    },
    {
      "identity" : "swift-syntax",
      "kind" : "remoteSourceControl",
      "location" : "https://github.com/swiftlang/swift-syntax.git",
      "state" : {
        "revision" : "0687f71944021d616d34d922343dcef086855920",
        "version" : "600.0.1"
      }
    },
    {
      "identity" : "swiftui-udf",
      "kind" : "remoteSourceControl",
      "location" : "https://github.com/Maks-Jago/SwiftUI-UDF",
      "state" : {
        "revision" : "86d44caa3d8e53e66158cfc47398959ce2006bcf",
        "version" : "1.5.0"
      }
    },
    {
      "identity" : "udfmacros",
      "kind" : "remoteSourceControl",
      "location" : "https://github.com/urlaunched-com/UDFMacros.git",
      "state" : {
        "branch" : "feature/sensitiveActionMacro",
        "revision" : "001196817a51bff26934e15a2665b9093cc818e8"
      }
    }
  ],
  "version" : 3
}
