{
  "originHash" : "0a3e8cf8395025d2ef6fcfcc9ca72a841e188b79ff4461950af0c10bef0927f3",
  "pins" : [
    {
      "identity" : "runtime",
      "kind" : "remoteSourceControl",
      "location" : "https://github.com/urlaunched-com/Runtime",
      "state" : {
        "revision" : "ea112a73f7a8772a92b125ceeaaf61f1844466bd",
        "version" : "2.2.6"
      }
    },
    {
      "identity" : "swift-collections",
      "kind" : "remoteSourceControl",
      "location" : "https://github.com/apple/swift-collections",
      "state" : {
        "revision" : "6675bc0ff86e61436e615df6fc5174e043e57924",
        "version" : "1.4.1"
      }
    },
    {
      "identity" : "swift-syntax",
      "kind" : "remoteSourceControl",
      "location" : "https://github.com/swiftlang/swift-syntax.git",
      "state" : {
        "revision" : "0687f71944021d616d34d922343dcef086855920",
        "version" : "600.0.1"
      }
    },
    {
      "identity" : "swiftui-udf",
      "kind" : "remoteSourceControl",
      "location" : "https://github.com/Maks-Jago/SwiftUI-UDF",
      "state" : {
        "revision" : "86d44caa3d8e53e66158cfc47398959ce2006bcf",
        "version" : "1.5.0"
      }
    }
  ],
  "version" : 3
}
